github.com/ddraigness/go-say-hello v1.0.0 h1:HfP8ooQbo4XmhSPuefaS0nkpiTBm0jCtvedaB3oPGeI=
github.com/ddraigness/go-say-hello v1.0.0/go.mod h1:lUi7phzcIB8GsGk5Q34ISz998roMvgvBAjFGW+9HSw4=
github.com/ddraigness/go-say-hello v1.5.0 h1:p4rAckjwqDHixxwytY9WHHmwpAnWGknqQQa0xkWMX54=
github.com/ddraigness/go-say-hello v1.5.0/go.mod h1:lUi7phzcIB8GsGk5Q34ISz998roMvgvBAjFGW+9HSw4=
github.com/ddraigness/go-say-hello/v2 v2.0.0 h1:VPR3XjvuvczbYLyIyMEnASRFjxGkj0oR3X/bsSdHNOg=
github.com/ddraigness/go-say-hello/v2 v2.0.0/go.mod h1:kEv1p0qcx1zYe4vDfvJI3IOgUp9X4WQywmQoWCfDCNI=
